
Microsoft Visual Studio Solution File, Format Version 12.00
# Visual Studio Version 16
VisualStudioVersion = 16.0.29519.87
MinimumVisualStudioVersion = 10.0.40219.1
Project("{F184B08F-C81C-45F6-A57F-5ABD9991F28F}") = "Average Units By Employee", "Average Units By Employee\Average Units By Employee.vbproj", "{9D08D89D-DEAD-4A50-87EF-9E89E7042387}"
EndProject
Global
	GlobalSection(SolutionConfigurationPlatforms) = preSolution
		Debug|Any CPU = Debug|Any CPU
		Release|Any CPU = Release|Any CPU
	EndGlobalSection
	GlobalSection(ProjectConfigurationPlatforms) = postSolution
		{9D08D89D-DEAD-4A50-87EF-9E89E7042387}.Debug|Any CPU.ActiveCfg = Debug|Any CPU
		{9D08D89D-DEAD-4A50-87EF-9E89E7042387}.Debug|Any CPU.Build.0 = Debug|Any CPU
		{9D08D89D-DEAD-4A50-87EF-9E89E7042387}.Release|Any CPU.ActiveCfg = Release|Any CPU
		{9D08D89D-DEAD-4A50-87EF-9E89E7042387}.Release|Any CPU.Build.0 = Release|Any CPU
	EndGlobalSection
	GlobalSection(SolutionProperties) = preSolution
		HideSolutionNode = FALSE
	EndGlobalSection
	GlobalSection(ExtensibilityGlobals) = postSolution
		SolutionGuid = {FE45AABB-29E2-4A84-B99C-6FAA89673882}
	EndGlobalSection
EndGlobal
